
Microsoft Visual Studio Solution File, Format Version 12.00
# Visual Studio Version 16
VisualStudioVersion = 16.0.30011.22
MinimumVisualStudioVersion = 10.0.40219.1
Project("{FAE04EC0-301F-11D3-BF4B-00C04F79EFBC}") = "Udemy_CSharp", "Udemy_CSharp.csproj", "{44CEB5BF-123E-4529-90D6-842ACA80BCB1}"
EndProject
Project("{FAE04EC0-301F-11D3-BF4B-00C04F79EFBC}") = "UHomework1", "UHomework1\UHomework1.csproj", "{54306EEC-A849-4F7E-A7C4-FE9739853E10}"
EndProject
Global
	GlobalSection(SolutionConfigurationPlatforms) = preSolution
		Debug|Any CPU = Debug|Any CPU
		Release|Any CPU = Release|Any CPU
	EndGlobalSection
	GlobalSection(ProjectConfigurationPlatforms) = postSolution
		{44CEB5BF-123E-4529-90D6-842ACA80BCB1}.Debug|Any CPU.ActiveCfg = Debug|Any CPU
		{44CEB5BF-123E-4529-90D6-842ACA80BCB1}.Debug|Any CPU.Build.0 = Debug|Any CPU
		{44CEB5BF-123E-4529-90D6-842ACA80BCB1}.Release|Any CPU.ActiveCfg = Release|Any CPU
		{44CEB5BF-123E-4529-90D6-842ACA80BCB1}.Release|Any CPU.Build.0 = Release|Any CPU
		{54306EEC-A849-4F7E-A7C4-FE9739853E10}.Debug|Any CPU.ActiveCfg = Debug|Any CPU
		{54306EEC-A849-4F7E-A7C4-FE9739853E10}.Debug|Any CPU.Build.0 = Debug|Any CPU
		{54306EEC-A849-4F7E-A7C4-FE9739853E10}.Release|Any CPU.ActiveCfg = Release|Any CPU
		{54306EEC-A849-4F7E-A7C4-FE9739853E10}.Release|Any CPU.Build.0 = Release|Any CPU
	EndGlobalSection
	GlobalSection(SolutionProperties) = preSolution
		HideSolutionNode = FALSE
	EndGlobalSection
	GlobalSection(ExtensibilityGlobals) = postSolution
		SolutionGuid = {F052B38F-5C9B-4518-B308-0DE7686E0D1F}
	EndGlobalSection
EndGlobal
