
Microsoft Visual Studio Solution File, Format Version 12.00
# Visual Studio Version 16
VisualStudioVersion = 16.0.30011.22
MinimumVisualStudioVersion = 10.0.40219.1
Project("{FAE04EC0-301F-11D3-BF4B-00C04F79EFBC}") = "Udemy_CSharp", "Udemy_CSharp.csproj", "{44CEB5BF-123E-4529-90D6-842ACA80BCB1}"
EndProject
Project("{FAE04EC0-301F-11D3-BF4B-00C04F79EFBC}") = "UdemyHW", "..\..\UdemyHW\UdemyHW.csproj", "{7D6A16D4-5970-4D3F-A424-8FC281DEDD01}"
EndProject
Project("{FAE04EC0-301F-11D3-BF4B-00C04F79EFBC}") = "UdemyHW_2", "..\UdemyHW_2\UdemyHW_2.csproj", "{B5316924-DC8A-434D-A5BC-B148029CD050}"
EndProject
Global
	GlobalSection(SolutionConfigurationPlatforms) = preSolution
		Debug|Any CPU = Debug|Any CPU
		Release|Any CPU = Release|Any CPU
	EndGlobalSection
	GlobalSection(ProjectConfigurationPlatforms) = postSolution
		{44CEB5BF-123E-4529-90D6-842ACA80BCB1}.Debug|Any CPU.ActiveCfg = Debug|Any CPU
		{44CEB5BF-123E-4529-90D6-842ACA80BCB1}.Debug|Any CPU.Build.0 = Debug|Any CPU
		{44CEB5BF-123E-4529-90D6-842ACA80BCB1}.Release|Any CPU.ActiveCfg = Release|Any CPU
		{44CEB5BF-123E-4529-90D6-842ACA80BCB1}.Release|Any CPU.Build.0 = Release|Any CPU
		{7D6A16D4-5970-4D3F-A424-8FC281DEDD01}.Debug|Any CPU.ActiveCfg = Debug|Any CPU
		{7D6A16D4-5970-4D3F-A424-8FC281DEDD01}.Debug|Any CPU.Build.0 = Debug|Any CPU
		{7D6A16D4-5970-4D3F-A424-8FC281DEDD01}.Release|Any CPU.ActiveCfg = Release|Any CPU
		{7D6A16D4-5970-4D3F-A424-8FC281DEDD01}.Release|Any CPU.Build.0 = Release|Any CPU
		{B5316924-DC8A-434D-A5BC-B148029CD050}.Debug|Any CPU.ActiveCfg = Debug|Any CPU
		{B5316924-DC8A-434D-A5BC-B148029CD050}.Debug|Any CPU.Build.0 = Debug|Any CPU
		{B5316924-DC8A-434D-A5BC-B148029CD050}.Release|Any CPU.ActiveCfg = Release|Any CPU
		{B5316924-DC8A-434D-A5BC-B148029CD050}.Release|Any CPU.Build.0 = Release|Any CPU
	EndGlobalSection
	GlobalSection(SolutionProperties) = preSolution
		HideSolutionNode = FALSE
	EndGlobalSection
	GlobalSection(ExtensibilityGlobals) = postSolution
		SolutionGuid = {F052B38F-5C9B-4518-B308-0DE7686E0D1F}
	EndGlobalSection
EndGlobal
